
Microsoft Visual Studio Solution File, Format Version 12.00
# Visual Studio Version 16
VisualStudioVersion = 16.0.32228.343
MinimumVisualStudioVersion = 10.0.40219.1
Project("{888888A0-9F3D-457C-B088-3A5042F75D52}") = "Analise_vendas", "Analise_vendas.pyproj", "{62098712-8F0C-47C5-AEB5-06E9721FCEBE}"
EndProject
Global
	GlobalSection(SolutionConfigurationPlatforms) = preSolution
		Debug|Any CPU = Debug|Any CPU
		Release|Any CPU = Release|Any CPU
	EndGlobalSection
	GlobalSection(ProjectConfigurationPlatforms) = postSolution
		{62098712-8F0C-47C5-AEB5-06E9721FCEBE}.Debug|Any CPU.ActiveCfg = Debug|Any CPU
		{62098712-8F0C-47C5-AEB5-06E9721FCEBE}.Release|Any CPU.ActiveCfg = Release|Any CPU
	EndGlobalSection
	GlobalSection(SolutionProperties) = preSolution
		HideSolutionNode = FALSE
	EndGlobalSection
	GlobalSection(ExtensibilityGlobals) = postSolution
		SolutionGuid = {67C8F965-093E-4325-9067-72FAFD9E1A95}
	EndGlobalSection
EndGlobal
